
Microsoft Visual Studio Solution File, Format Version 12.00
# Visual Studio Version 17
VisualStudioVersion = 17.9.34622.214
MinimumVisualStudioVersion = 10.0.40219.1
Project("{9A19103F-16F7-4668-BE54-9A1E7A4F7556}") = "MessageDecode.UI", "MessageDecode.UI.csproj", "{1D7B453A-665A-411A-89FB-B49BF36C28DB}"
EndProject
Project("{FAE04EC0-301F-11D3-BF4B-00C04F79EFBC}") = "MessageDecode.Services", "..\MessageDecode.Services\MessageDecode.Services.csproj", "{3396CE5A-5C60-4087-B41D-ABACC4F28FB0}"
EndProject
Global
	GlobalSection(SolutionConfigurationPlatforms) = preSolution
		Debug|Any CPU = Debug|Any CPU
		Release|Any CPU = Release|Any CPU
	EndGlobalSection
	GlobalSection(ProjectConfigurationPlatforms) = postSolution
		{1D7B453A-665A-411A-89FB-B49BF36C28DB}.Debug|Any CPU.ActiveCfg = Debug|Any CPU
		{1D7B453A-665A-411A-89FB-B49BF36C28DB}.Debug|Any CPU.Build.0 = Debug|Any CPU
		{1D7B453A-665A-411A-89FB-B49BF36C28DB}.Release|Any CPU.ActiveCfg = Release|Any CPU
		{1D7B453A-665A-411A-89FB-B49BF36C28DB}.Release|Any CPU.Build.0 = Release|Any CPU
		{3396CE5A-5C60-4087-B41D-ABACC4F28FB0}.Debug|Any CPU.ActiveCfg = Debug|Any CPU
		{3396CE5A-5C60-4087-B41D-ABACC4F28FB0}.Debug|Any CPU.Build.0 = Debug|Any CPU
		{3396CE5A-5C60-4087-B41D-ABACC4F28FB0}.Release|Any CPU.ActiveCfg = Release|Any CPU
		{3396CE5A-5C60-4087-B41D-ABACC4F28FB0}.Release|Any CPU.Build.0 = Release|Any CPU
	EndGlobalSection
	GlobalSection(SolutionProperties) = preSolution
		HideSolutionNode = FALSE
	EndGlobalSection
	GlobalSection(ExtensibilityGlobals) = postSolution
		SolutionGuid = {0BD07986-AC94-4A5D-AB8C-0290CCF77EE6}
	EndGlobalSection
EndGlobal
